
Microsoft Visual Studio Solution File, Format Version 12.00
# Visual Studio Version 17
VisualStudioVersion = 17.12.35707.178 d17.12
MinimumVisualStudioVersion = 10.0.40219.1
Project("{FAE04EC0-301F-11D3-BF4B-00C04F79EFBC}") = "BANKLOAN_APP_DA_LIB", "BANKLOAN_APP_DA\BANKLOAN_APP_DA_LIB.csproj", "{5EDA6CAE-23CC-4B6E-AFA3-D6E51B3AD781}"
EndProject
Project("{FAE04EC0-301F-11D3-BF4B-00C04F79EFBC}") = "BANKLOAN_APP_BO_LIB", "BANKLOAN_APP_BO_LIB\BANKLOAN_APP_BO_LIB.csproj", "{153B455B-80EF-4437-9AFE-1A348D46B4E5}"
EndProject
Project("{FAE04EC0-301F-11D3-BF4B-00C04F79EFBC}") = "BANKLOAN_APP", "BANKLOAN_APP\BANKLOAN_APP.csproj", "{9986FEAB-9CAE-4899-9E94-97217C22CABA}"
EndProject
Global
	GlobalSection(SolutionConfigurationPlatforms) = preSolution
		Debug|Any CPU = Debug|Any CPU
		Release|Any CPU = Release|Any CPU
	EndGlobalSection
	GlobalSection(ProjectConfigurationPlatforms) = postSolution
		{5EDA6CAE-23CC-4B6E-AFA3-D6E51B3AD781}.Debug|Any CPU.ActiveCfg = Debug|Any CPU
		{5EDA6CAE-23CC-4B6E-AFA3-D6E51B3AD781}.Debug|Any CPU.Build.0 = Debug|Any CPU
		{5EDA6CAE-23CC-4B6E-AFA3-D6E51B3AD781}.Release|Any CPU.ActiveCfg = Release|Any CPU
		{5EDA6CAE-23CC-4B6E-AFA3-D6E51B3AD781}.Release|Any CPU.Build.0 = Release|Any CPU
		{153B455B-80EF-4437-9AFE-1A348D46B4E5}.Debug|Any CPU.ActiveCfg = Debug|Any CPU
		{153B455B-80EF-4437-9AFE-1A348D46B4E5}.Debug|Any CPU.Build.0 = Debug|Any CPU
		{153B455B-80EF-4437-9AFE-1A348D46B4E5}.Release|Any CPU.ActiveCfg = Release|Any CPU
		{153B455B-80EF-4437-9AFE-1A348D46B4E5}.Release|Any CPU.Build.0 = Release|Any CPU
		{9986FEAB-9CAE-4899-9E94-97217C22CABA}.Debug|Any CPU.ActiveCfg = Debug|Any CPU
		{9986FEAB-9CAE-4899-9E94-97217C22CABA}.Debug|Any CPU.Build.0 = Debug|Any CPU
		{9986FEAB-9CAE-4899-9E94-97217C22CABA}.Release|Any CPU.ActiveCfg = Release|Any CPU
		{9986FEAB-9CAE-4899-9E94-97217C22CABA}.Release|Any CPU.Build.0 = Release|Any CPU
	EndGlobalSection
	GlobalSection(SolutionProperties) = preSolution
		HideSolutionNode = FALSE
	EndGlobalSection
EndGlobal
